{
  "name": "i18n-test",
  "version": "1.0.0",
  "lockfileVersion": 1,
  "requires": true,
  "dependencies": {
    "commander": {
      "version": "7.2.0",
      "resolved": "https://registry.npmjs.org/commander/-/commander-7.2.0.tgz",
      "integrity": "sha512-QrWXB+ZQSVPmIWIhtEO9H+gwHaMGYiF5ChvoJ+K9ZGHG/sVsa6yiesAD1GC/x46sET00Xlwo1u49RVVVzvcSkw=="
    },
    "vue": {
      "version": "2.6.14",
      "resolved": "https://registry.npmjs.org/vue/-/vue-2.6.14.tgz",
      "integrity": "sha512-x2284lgYvjOMj3Za7kqzRcUSxBboHqtgRE2zlos1qWaOye5yUmHn42LB1250NJBLRwEcdrB0JRwyPTEPhfQjiQ=="
    },
    "vue-i18n": {
      "version": "8.24.4",
      "resolved": "https://registry.npmjs.org/vue-i18n/-/vue-i18n-8.24.4.tgz",
      "integrity": "sha512-RZE94WUAGxEiBAANxQ0pptbRwDkNKNSXl3fnJslpFOxVMF6UkUtMDSuYGuW2blDrVgweIXVpethOVkYoNNT9xw=="
    }
  }
}
